
Microsoft Visual Studio Solution File, Format Version 12.00
# Visual Studio Version 17
VisualStudioVersion = 17.7.34031.279
MinimumVisualStudioVersion = 10.0.40219.1
Project("{FAE04EC0-301F-11D3-BF4B-00C04F79EFBC}") = "ProjetoGuardaChuva", "ProjetoGuardaChuva.csproj", "{B93234B4-9807-4ACF-94C9-6A7BBC075EEF}"
EndProject
Global
	GlobalSection(SolutionConfigurationPlatforms) = preSolution
		Debug|Any CPU = Debug|Any CPU
		Release|Any CPU = Release|Any CPU
	EndGlobalSection
	GlobalSection(ProjectConfigurationPlatforms) = postSolution
		{B93234B4-9807-4ACF-94C9-6A7BBC075EEF}.Debug|Any CPU.ActiveCfg = Debug|Any CPU
		{B93234B4-9807-4ACF-94C9-6A7BBC075EEF}.Debug|Any CPU.Build.0 = Debug|Any CPU
		{B93234B4-9807-4ACF-94C9-6A7BBC075EEF}.Release|Any CPU.ActiveCfg = Release|Any CPU
		{B93234B4-9807-4ACF-94C9-6A7BBC075EEF}.Release|Any CPU.Build.0 = Release|Any CPU
	EndGlobalSection
	GlobalSection(SolutionProperties) = preSolution
		HideSolutionNode = FALSE
	EndGlobalSection
	GlobalSection(ExtensibilityGlobals) = postSolution
		SolutionGuid = {FFE30802-CE9B-4839-BB8C-0C3883327DEF}
	EndGlobalSection
EndGlobal
